// !$*UTF8*$!
{
	archiveVersion = 1;
	classes = {
	};
	objectVersion = 46;
	objects = {

/* Begin PBXBuildFile section */
		8854E3A01DDC8C0200E5FAAE /* EventViaNotification+CoreDataProperties.swift in Sources */ = {isa = PBXBuildFile; fileRef = 8854E39E1DDC8C0200E5FAAE /* EventViaNotification+CoreDataProperties.swift */; };
		8854E3A11DDC8C0200E5FAAE /* EventViaDelegate+CoreDataProperties.swift in Sources */ = {isa = PBXBuildFile; fileRef = 8854E39F1DDC8C0200E5FAAE /* EventViaDelegate+CoreDataProperties.swift */; };
		88636F821D738AF400C8D396 /* PIONotificationViewController.swift in Sources */ = {isa = PBXBuildFile; fileRef = 88636F811D738AF400C8D396 /* PIONotificationViewController.swift */; };
		88F04B191D6C90400012B98D /* AppDelegate.swift in Sources */ = {isa = PBXBuildFile; fileRef = 88F04B181D6C90400012B98D /* AppDelegate.swift */; };
		88F04B1C1D6C90400012B98D /* ExampleSwift.xcdatamodeld in Sources */ = {isa = PBXBuildFile; fileRef = 88F04B1A1D6C90400012B98D /* ExampleSwift.xcdatamodeld */; };
		88F04B1E1D6C90400012B98D /* PIODelegateViewController.swift in Sources */ = {isa = PBXBuildFile; fileRef = 88F04B1D1D6C90400012B98D /* PIODelegateViewController.swift */; };
		88F04B231D6C90400012B98D /* Main.storyboard in Resources */ = {isa = PBXBuildFile; fileRef = 88F04B211D6C90400012B98D /* Main.storyboard */; };
		88F04B251D6C90400012B98D /* Assets.xcassets in Resources */ = {isa = PBXBuildFile; fileRef = 88F04B241D6C90400012B98D /* Assets.xcassets */; };
		88F04B281D6C90400012B98D /* LaunchScreen.storyboard in Resources */ = {isa = PBXBuildFile; fileRef = 88F04B261D6C90400012B98D /* LaunchScreen.storyboard */; };
		88F04B311D6C97490012B98D /* PredictIOService.swift in Sources */ = {isa = PBXBuildFile; fileRef = 88F04B301D6C97490012B98D /* PredictIOService.swift */; };
		8916ABD51DBE31D900DACB59 /* EventViaDelegate+CoreDataClass.swift in Sources */ = {isa = PBXBuildFile; fileRef = 8916ABD11DBE31D900DACB59 /* EventViaDelegate+CoreDataClass.swift */; };
		8916ABD71DBE31D900DACB59 /* EventViaNotification+CoreDataClass.swift in Sources */ = {isa = PBXBuildFile; fileRef = 8916ABD31DBE31D900DACB59 /* EventViaNotification+CoreDataClass.swift */; };
		897BE2A31D8306E300514A10 /* app-icon-29@2x.png in Resources */ = {isa = PBXBuildFile; fileRef = 897BE2971D8306E300514A10 /* app-icon-29@2x.png */; };
		897BE2A41D8306E300514A10 /* app-icon-29@3x.png in Resources */ = {isa = PBXBuildFile; fileRef = 897BE2981D8306E300514A10 /* app-icon-29@3x.png */; };
		897BE2A51D8306E300514A10 /* app-icon-40@2x.png in Resources */ = {isa = PBXBuildFile; fileRef = 897BE2991D8306E300514A10 /* app-icon-40@2x.png */; };
		897BE2A61D8306E300514A10 /* app-icon-40@3x.png in Resources */ = {isa = PBXBuildFile; fileRef = 897BE29A1D8306E300514A10 /* app-icon-40@3x.png */; };
		897BE2A71D8306E300514A10 /* app-icon-60@2x.png in Resources */ = {isa = PBXBuildFile; fileRef = 897BE29B1D8306E300514A10 /* app-icon-60@2x.png */; };
		897BE2A81D8306E300514A10 /* app-icon-60@3x.png in Resources */ = {isa = PBXBuildFile; fileRef = 897BE29C1D8306E300514A10 /* app-icon-60@3x.png */; };
		897BE2A91D8306E300514A10 /* icon-callback@2x.png in Resources */ = {isa = PBXBuildFile; fileRef = 897BE29D1D8306E300514A10 /* icon-callback@2x.png */; };
		897BE2AA1D8306E300514A10 /* icon-callback@3x.png in Resources */ = {isa = PBXBuildFile; fileRef = 897BE29E1D8306E300514A10 /* icon-callback@3x.png */; };
		897BE2AB1D8306E300514A10 /* icon-notification@2x.png in Resources */ = {isa = PBXBuildFile; fileRef = 897BE29F1D8306E300514A10 /* icon-notification@2x.png */; };
		897BE2AC1D8306E300514A10 /* icon-notification@3x.png in Resources */ = {isa = PBXBuildFile; fileRef = 897BE2A01D8306E300514A10 /* icon-notification@3x.png */; };
		897BE2AD1D8306E300514A10 /* splash-screen@2x.png in Resources */ = {isa = PBXBuildFile; fileRef = 897BE2A11D8306E300514A10 /* splash-screen@2x.png */; };
		897BE2AE1D8306E300514A10 /* splash-screen@3x.png in Resources */ = {isa = PBXBuildFile; fileRef = 897BE2A21D8306E300514A10 /* splash-screen@3x.png */; };
		897BE2B31D832F1200514A10 /* PIOMapViewController.swift in Sources */ = {isa = PBXBuildFile; fileRef = 897BE2B21D832F1200514A10 /* PIOMapViewController.swift */; };
/* End PBXBuildFile section */

/* Begin PBXFileReference section */
		8854E3971DDC86FF00E5FAAE /* ExampleSwift 2.xcdatamodel */ = {isa = PBXFileReference; lastKnownFileType = wrapper.xcdatamodel; path = "ExampleSwift 2.xcdatamodel"; sourceTree = "<group>"; };
		8854E39E1DDC8C0200E5FAAE /* EventViaNotification+CoreDataProperties.swift */ = {isa = PBXFileReference; fileEncoding = 4; lastKnownFileType = sourcecode.swift; path = "EventViaNotification+CoreDataProperties.swift"; sourceTree = "<group>"; };
		8854E39F1DDC8C0200E5FAAE /* EventViaDelegate+CoreDataProperties.swift */ = {isa = PBXFileReference; fileEncoding = 4; lastKnownFileType = sourcecode.swift; path = "EventViaDelegate+CoreDataProperties.swift"; sourceTree = "<group>"; };
		88636F811D738AF400C8D396 /* PIONotificationViewController.swift */ = {isa = PBXFileReference; fileEncoding = 4; lastKnownFileType = sourcecode.swift; path = PIONotificationViewController.swift; sourceTree = "<group>"; };
		88F04B151D6C90400012B98D /* ExampleSwift.app */ = {isa = PBXFileReference; explicitFileType = wrapper.application; includeInIndex = 0; path = ExampleSwift.app; sourceTree = BUILT_PRODUCTS_DIR; };
		88F04B181D6C90400012B98D /* AppDelegate.swift */ = {isa = PBXFileReference; lastKnownFileType = sourcecode.swift; path = AppDelegate.swift; sourceTree = "<group>"; };
		88F04B1B1D6C90400012B98D /* ExampleSwift.xcdatamodel */ = {isa = PBXFileReference; lastKnownFileType = wrapper.xcdatamodel; path = ExampleSwift.xcdatamodel; sourceTree = "<group>"; };
		88F04B1D1D6C90400012B98D /* PIODelegateViewController.swift */ = {isa = PBXFileReference; lastKnownFileType = sourcecode.swift; path = PIODelegateViewController.swift; sourceTree = "<group>"; };
		88F04B221D6C90400012B98D /* Base */ = {isa = PBXFileReference; lastKnownFileType = file.storyboard; name = Base; path = Base.lproj/Main.storyboard; sourceTree = "<group>"; };
		88F04B241D6C90400012B98D /* Assets.xcassets */ = {isa = PBXFileReference; lastKnownFileType = folder.assetcatalog; name = Assets.xcassets; path = ExampleSwift/Assets.xcassets; sourceTree = "<group>"; };
		88F04B271D6C90400012B98D /* Base */ = {isa = PBXFileReference; lastKnownFileType = file.storyboard; name = Base; path = Base.lproj/LaunchScreen.storyboard; sourceTree = "<group>"; };
		88F04B291D6C90400012B98D /* Info.plist */ = {isa = PBXFileReference; lastKnownFileType = text.plist.xml; name = Info.plist; path = ExampleSwift/Info.plist; sourceTree = "<group>"; };
		88F04B301D6C97490012B98D /* PredictIOService.swift */ = {isa = PBXFileReference; fileEncoding = 4; lastKnownFileType = sourcecode.swift; path = PredictIOService.swift; sourceTree = "<group>"; };
		8916ABD11DBE31D900DACB59 /* EventViaDelegate+CoreDataClass.swift */ = {isa = PBXFileReference; fileEncoding = 4; lastKnownFileType = sourcecode.swift; path = "EventViaDelegate+CoreDataClass.swift"; sourceTree = "<group>"; };
		8916ABD31DBE31D900DACB59 /* EventViaNotification+CoreDataClass.swift */ = {isa = PBXFileReference; fileEncoding = 4; lastKnownFileType = sourcecode.swift; path = "EventViaNotification+CoreDataClass.swift"; sourceTree = "<group>"; };
		897BE2971D8306E300514A10 /* app-icon-29@2x.png */ = {isa = PBXFileReference; lastKnownFileType = image.png; path = "app-icon-29@2x.png"; sourceTree = "<group>"; };
		897BE2981D8306E300514A10 /* app-icon-29@3x.png */ = {isa = PBXFileReference; lastKnownFileType = image.png; path = "app-icon-29@3x.png"; sourceTree = "<group>"; };
		897BE2991D8306E300514A10 /* app-icon-40@2x.png */ = {isa = PBXFileReference; lastKnownFileType = image.png; path = "app-icon-40@2x.png"; sourceTree = "<group>"; };
		897BE29A1D8306E300514A10 /* app-icon-40@3x.png */ = {isa = PBXFileReference; lastKnownFileType = image.png; path = "app-icon-40@3x.png"; sourceTree = "<group>"; };
		897BE29B1D8306E300514A10 /* app-icon-60@2x.png */ = {isa = PBXFileReference; lastKnownFileType = image.png; path = "app-icon-60@2x.png"; sourceTree = "<group>"; };
		897BE29C1D8306E300514A10 /* app-icon-60@3x.png */ = {isa = PBXFileReference; lastKnownFileType = image.png; path = "app-icon-60@3x.png"; sourceTree = "<group>"; };
		897BE29D1D8306E300514A10 /* icon-callback@2x.png */ = {isa = PBXFileReference; lastKnownFileType = image.png; path = "icon-callback@2x.png"; sourceTree = "<group>"; };
		897BE29E1D8306E300514A10 /* icon-callback@3x.png */ = {isa = PBXFileReference; lastKnownFileType = image.png; path = "icon-callback@3x.png"; sourceTree = "<group>"; };
		897BE29F1D8306E300514A10 /* icon-notification@2x.png */ = {isa = PBXFileReference; lastKnownFileType = image.png; path = "icon-notification@2x.png"; sourceTree = "<group>"; };
		897BE2A01D8306E300514A10 /* icon-notification@3x.png */ = {isa = PBXFileReference; lastKnownFileType = image.png; path = "icon-notification@3x.png"; sourceTree = "<group>"; };
		897BE2A11D8306E300514A10 /* splash-screen@2x.png */ = {isa = PBXFileReference; lastKnownFileType = image.png; path = "splash-screen@2x.png"; sourceTree = "<group>"; };
		897BE2A21D8306E300514A10 /* splash-screen@3x.png */ = {isa = PBXFileReference; lastKnownFileType = image.png; path = "splash-screen@3x.png"; sourceTree = "<group>"; };
		897BE2B21D832F1200514A10 /* PIOMapViewController.swift */ = {isa = PBXFileReference; fileEncoding = 4; lastKnownFileType = sourcecode.swift; path = PIOMapViewController.swift; sourceTree = "<group>"; };
/* End PBXFileReference section */

/* Begin PBXFrameworksBuildPhase section */
		88F04B121D6C90400012B98D /* Frameworks */ = {
			isa = PBXFrameworksBuildPhase;
			buildActionMask = 2147483647;
			files = (
			);
			runOnlyForDeploymentPostprocessing = 0;
		};
/* End PBXFrameworksBuildPhase section */

/* Begin PBXGroup section */
		884ABBA51D6F00A0003A9A12 /* CoreData */ = {
			isa = PBXGroup;
			children = (
				8854E39E1DDC8C0200E5FAAE /* EventViaNotification+CoreDataProperties.swift */,
				8854E39F1DDC8C0200E5FAAE /* EventViaDelegate+CoreDataProperties.swift */,
				8916ABD11DBE31D900DACB59 /* EventViaDelegate+CoreDataClass.swift */,
				8916ABD31DBE31D900DACB59 /* EventViaNotification+CoreDataClass.swift */,
				88F04B1A1D6C90400012B98D /* ExampleSwift.xcdatamodeld */,
			);
			name = CoreData;
			sourceTree = "<group>";
		};
		884ABBAC1D6F00C3003A9A12 /* Supporting files */ = {
			isa = PBXGroup;
			children = (
				88F04B291D6C90400012B98D /* Info.plist */,
				88F04B241D6C90400012B98D /* Assets.xcassets */,
			);
			name = "Supporting files";
			path = ..;
			sourceTree = "<group>";
		};
		88F04B0C1D6C90400012B98D = {
			isa = PBXGroup;
			children = (
				88F04B171D6C90400012B98D /* ExampleSwift */,
				88F04B161D6C90400012B98D /* Products */,
			);
			sourceTree = "<group>";
		};
		88F04B161D6C90400012B98D /* Products */ = {
			isa = PBXGroup;
			children = (
				88F04B151D6C90400012B98D /* ExampleSwift.app */,
			);
			name = Products;
			sourceTree = "<group>";
		};
		88F04B171D6C90400012B98D /* ExampleSwift */ = {
			isa = PBXGroup;
			children = (
				88F955DA1D6F3D2B00E4579F /* PredictIO */,
				88F04B181D6C90400012B98D /* AppDelegate.swift */,
				88F04B1D1D6C90400012B98D /* PIODelegateViewController.swift */,
				88636F811D738AF400C8D396 /* PIONotificationViewController.swift */,
				897BE2B21D832F1200514A10 /* PIOMapViewController.swift */,
				88F04B211D6C90400012B98D /* Main.storyboard */,
				88F04B261D6C90400012B98D /* LaunchScreen.storyboard */,
				897BE2AF1D8306EB00514A10 /* Images */,
				884ABBAC1D6F00C3003A9A12 /* Supporting files */,
				884ABBA51D6F00A0003A9A12 /* CoreData */,
			);
			path = ExampleSwift;
			sourceTree = "<group>";
		};
		88F955DA1D6F3D2B00E4579F /* PredictIO */ = {
			isa = PBXGroup;
			children = (
				88F04B301D6C97490012B98D /* PredictIOService.swift */,
			);
			name = PredictIO;
			sourceTree = "<group>";
		};
		897BE2AF1D8306EB00514A10 /* Images */ = {
			isa = PBXGroup;
			children = (
				897BE2971D8306E300514A10 /* app-icon-29@2x.png */,
				897BE2981D8306E300514A10 /* app-icon-29@3x.png */,
				897BE2991D8306E300514A10 /* app-icon-40@2x.png */,
				897BE29A1D8306E300514A10 /* app-icon-40@3x.png */,
				897BE29B1D8306E300514A10 /* app-icon-60@2x.png */,
				897BE29C1D8306E300514A10 /* app-icon-60@3x.png */,
				897BE29D1D8306E300514A10 /* icon-callback@2x.png */,
				897BE29E1D8306E300514A10 /* icon-callback@3x.png */,
				897BE29F1D8306E300514A10 /* icon-notification@2x.png */,
				897BE2A01D8306E300514A10 /* icon-notification@3x.png */,
				897BE2A11D8306E300514A10 /* splash-screen@2x.png */,
				897BE2A21D8306E300514A10 /* splash-screen@3x.png */,
			);
			name = Images;
			sourceTree = "<group>";
		};
/* End PBXGroup section */

/* Begin PBXNativeTarget section */
		88F04B141D6C90400012B98D /* ExampleSwift */ = {
			isa = PBXNativeTarget;
			buildConfigurationList = 88F04B2C1D6C90400012B98D /* Build configuration list for PBXNativeTarget "ExampleSwift" */;
			buildPhases = (
				88F04B111D6C90400012B98D /* Sources */,
				88F04B121D6C90400012B98D /* Frameworks */,
				88F04B131D6C90400012B98D /* Resources */,
			);
			buildRules = (
			);
			dependencies = (
			);
			name = ExampleSwift;
			productName = ExampleSwift;
			productReference = 88F04B151D6C90400012B98D /* ExampleSwift.app */;
			productType = "com.apple.product-type.application";
		};
/* End PBXNativeTarget section */

/* Begin PBXProject section */
		88F04B0D1D6C90400012B98D /* Project object */ = {
			isa = PBXProject;
			attributes = {
				LastSwiftUpdateCheck = 0730;
				LastUpgradeCheck = 0800;
				ORGANIZATIONNAME = "Abdul Haseeb";
				TargetAttributes = {
					88F04B141D6C90400012B98D = {
						CreatedOnToolsVersion = 7.3.1;
						DevelopmentTeam = 8U4UA34F86;
						LastSwiftMigration = 0800;
					};
				};
			};
			buildConfigurationList = 88F04B101D6C90400012B98D /* Build configuration list for PBXProject "ExampleSwift" */;
			compatibilityVersion = "Xcode 3.2";
			developmentRegion = English;
			hasScannedForEncodings = 0;
			knownRegions = (
				en,
				Base,
			);
			mainGroup = 88F04B0C1D6C90400012B98D;
			productRefGroup = 88F04B161D6C90400012B98D /* Products */;
			projectDirPath = "";
			projectRoot = "";
			targets = (
				88F04B141D6C90400012B98D /* ExampleSwift */,
			);
		};
/* End PBXProject section */

/* Begin PBXResourcesBuildPhase section */
		88F04B131D6C90400012B98D /* Resources */ = {
			isa = PBXResourcesBuildPhase;
			buildActionMask = 2147483647;
			files = (
				897BE2A91D8306E300514A10 /* icon-callback@2x.png in Resources */,
				897BE2A61D8306E300514A10 /* app-icon-40@3x.png in Resources */,
				897BE2A71D8306E300514A10 /* app-icon-60@2x.png in Resources */,
				897BE2AD1D8306E300514A10 /* splash-screen@2x.png in Resources */,
				88F04B281D6C90400012B98D /* LaunchScreen.storyboard in Resources */,
				897BE2AE1D8306E300514A10 /* splash-screen@3x.png in Resources */,
				897BE2A41D8306E300514A10 /* app-icon-29@3x.png in Resources */,
				88F04B251D6C90400012B98D /* Assets.xcassets in Resources */,
				897BE2AA1D8306E300514A10 /* icon-callback@3x.png in Resources */,
				897BE2A51D8306E300514A10 /* app-icon-40@2x.png in Resources */,
				897BE2A31D8306E300514A10 /* app-icon-29@2x.png in Resources */,
				897BE2AC1D8306E300514A10 /* icon-notification@3x.png in Resources */,
				88F04B231D6C90400012B98D /* Main.storyboard in Resources */,
				897BE2AB1D8306E300514A10 /* icon-notification@2x.png in Resources */,
				897BE2A81D8306E300514A10 /* app-icon-60@3x.png in Resources */,
			);
			runOnlyForDeploymentPostprocessing = 0;
		};
/* End PBXResourcesBuildPhase section */

/* Begin PBXSourcesBuildPhase section */
		88F04B111D6C90400012B98D /* Sources */ = {
			isa = PBXSourcesBuildPhase;
			buildActionMask = 2147483647;
			files = (
				8854E3A11DDC8C0200E5FAAE /* EventViaDelegate+CoreDataProperties.swift in Sources */,
				8916ABD51DBE31D900DACB59 /* EventViaDelegate+CoreDataClass.swift in Sources */,
				88F04B1C1D6C90400012B98D /* ExampleSwift.xcdatamodeld in Sources */,
				88636F821D738AF400C8D396 /* PIONotificationViewController.swift in Sources */,
				897BE2B31D832F1200514A10 /* PIOMapViewController.swift in Sources */,
				8854E3A01DDC8C0200E5FAAE /* EventViaNotification+CoreDataProperties.swift in Sources */,
				8916ABD71DBE31D900DACB59 /* EventViaNotification+CoreDataClass.swift in Sources */,
				88F04B191D6C90400012B98D /* AppDelegate.swift in Sources */,
				88F04B1E1D6C90400012B98D /* PIODelegateViewController.swift in Sources */,
				88F04B311D6C97490012B98D /* PredictIOService.swift in Sources */,
			);
			runOnlyForDeploymentPostprocessing = 0;
		};
/* End PBXSourcesBuildPhase section */

/* Begin PBXVariantGroup section */
		88F04B211D6C90400012B98D /* Main.storyboard */ = {
			isa = PBXVariantGroup;
			children = (
				88F04B221D6C90400012B98D /* Base */,
			);
			name = Main.storyboard;
			sourceTree = "<group>";
		};
		88F04B261D6C90400012B98D /* LaunchScreen.storyboard */ = {
			isa = PBXVariantGroup;
			children = (
				88F04B271D6C90400012B98D /* Base */,
			);
			name = LaunchScreen.storyboard;
			sourceTree = "<group>";
		};
/* End PBXVariantGroup section */

/* Begin XCBuildConfiguration section */
		88F04B2A1D6C90400012B98D /* Debug */ = {
			isa = XCBuildConfiguration;
			buildSettings = {
				ALWAYS_SEARCH_USER_PATHS = NO;
				CLANG_ANALYZER_NONNULL = YES;
				CLANG_CXX_LANGUAGE_STANDARD = "gnu++0x";
				CLANG_CXX_LIBRARY = "libc++";
				CLANG_ENABLE_MODULES = YES;
				CLANG_ENABLE_OBJC_ARC = YES;
				CLANG_WARN_BOOL_CONVERSION = YES;
				CLANG_WARN_CONSTANT_CONVERSION = YES;
				CLANG_WARN_DIRECT_OBJC_ISA_USAGE = YES_ERROR;
				CLANG_WARN_EMPTY_BODY = YES;
				CLANG_WARN_ENUM_CONVERSION = YES;
				CLANG_WARN_INFINITE_RECURSION = YES;
				CLANG_WARN_INT_CONVERSION = YES;
				CLANG_WARN_OBJC_ROOT_CLASS = YES_ERROR;
				CLANG_WARN_SUSPICIOUS_MOVE = YES;
				CLANG_WARN_UNREACHABLE_CODE = YES;
				CLANG_WARN__DUPLICATE_METHOD_MATCH = YES;
				"CODE_SIGN_IDENTITY[sdk=iphoneos*]" = "iPhone Developer";
				COPY_PHASE_STRIP = NO;
				DEBUG_INFORMATION_FORMAT = dwarf;
				ENABLE_STRICT_OBJC_MSGSEND = YES;
				ENABLE_TESTABILITY = YES;
				GCC_C_LANGUAGE_STANDARD = gnu99;
				GCC_DYNAMIC_NO_PIC = NO;
				GCC_NO_COMMON_BLOCKS = YES;
				GCC_OPTIMIZATION_LEVEL = 0;
				GCC_PREPROCESSOR_DEFINITIONS = (
					"DEBUG=1",
					"$(inherited)",
				);
				GCC_WARN_64_TO_32_BIT_CONVERSION = YES;
				GCC_WARN_ABOUT_RETURN_TYPE = YES_ERROR;
				GCC_WARN_UNDECLARED_SELECTOR = YES;
				GCC_WARN_UNINITIALIZED_AUTOS = YES_AGGRESSIVE;
				GCC_WARN_UNUSED_FUNCTION = YES;
				GCC_WARN_UNUSED_VARIABLE = YES;
				IPHONEOS_DEPLOYMENT_TARGET = 9.3;
				MTL_ENABLE_DEBUG_INFO = YES;
				ONLY_ACTIVE_ARCH = YES;
				SDKROOT = iphoneos;
				SWIFT_OPTIMIZATION_LEVEL = "-Onone";
				TARGETED_DEVICE_FAMILY = "1,2";
			};
			name = Debug;
		};
		88F04B2B1D6C90400012B98D /* Release */ = {
			isa = XCBuildConfiguration;
			buildSettings = {
				ALWAYS_SEARCH_USER_PATHS = NO;
				CLANG_ANALYZER_NONNULL = YES;
				CLANG_CXX_LANGUAGE_STANDARD = "gnu++0x";
				CLANG_CXX_LIBRARY = "libc++";
				CLANG_ENABLE_MODULES = YES;
				CLANG_ENABLE_OBJC_ARC = YES;
				CLANG_WARN_BOOL_CONVERSION = YES;
				CLANG_WARN_CONSTANT_CONVERSION = YES;
				CLANG_WARN_DIRECT_OBJC_ISA_USAGE = YES_ERROR;
				CLANG_WARN_EMPTY_BODY = YES;
				CLANG_WARN_ENUM_CONVERSION = YES;
				CLANG_WARN_INFINITE_RECURSION = YES;
				CLANG_WARN_INT_CONVERSION = YES;
				CLANG_WARN_OBJC_ROOT_CLASS = YES_ERROR;
				CLANG_WARN_SUSPICIOUS_MOVE = YES;
				CLANG_WARN_UNREACHABLE_CODE = YES;
				CLANG_WARN__DUPLICATE_METHOD_MATCH = YES;
				"CODE_SIGN_IDENTITY[sdk=iphoneos*]" = "iPhone Developer";
				COPY_PHASE_STRIP = NO;
				DEBUG_INFORMATION_FORMAT = "dwarf-with-dsym";
				ENABLE_NS_ASSERTIONS = NO;
				ENABLE_STRICT_OBJC_MSGSEND = YES;
				GCC_C_LANGUAGE_STANDARD = gnu99;
				GCC_NO_COMMON_BLOCKS = YES;
				GCC_WARN_64_TO_32_BIT_CONVERSION = YES;
				GCC_WARN_ABOUT_RETURN_TYPE = YES_ERROR;
				GCC_WARN_UNDECLARED_SELECTOR = YES;
				GCC_WARN_UNINITIALIZED_AUTOS = YES_AGGRESSIVE;
				GCC_WARN_UNUSED_FUNCTION = YES;
				GCC_WARN_UNUSED_VARIABLE = YES;
				IPHONEOS_DEPLOYMENT_TARGET = 9.3;
				MTL_ENABLE_DEBUG_INFO = NO;
				SDKROOT = iphoneos;
				SWIFT_OPTIMIZATION_LEVEL = "-Owholemodule";
				TARGETED_DEVICE_FAMILY = "1,2";
				VALIDATE_PRODUCT = YES;
			};
			name = Release;
		};
		88F04B2D1D6C90400012B98D /* Debug */ = {
			isa = XCBuildConfiguration;
			buildSettings = {
				ASSETCATALOG_COMPILER_APPICON_NAME = AppIcon;
				CODE_SIGN_IDENTITY = "iPhone Developer";
				DEBUG_INFORMATION_FORMAT = "dwarf-with-dsym";
				ENABLE_BITCODE = NO;
				INFOPLIST_FILE = ExampleSwift/Info.plist;
				IPHONEOS_DEPLOYMENT_TARGET = 9.0;
				LD_RUNPATH_SEARCH_PATHS = "$(inherited) @executable_path/Frameworks";
				PRODUCT_BUNDLE_IDENTIFIER = io.predict.ExampleSwift;
				PRODUCT_NAME = "$(TARGET_NAME)";
				SWIFT_VERSION = 3.0;
				TARGETED_DEVICE_FAMILY = 1;
			};
			name = Debug;
		};
		88F04B2E1D6C90400012B98D /* Release */ = {
			isa = XCBuildConfiguration;
			buildSettings = {
				ASSETCATALOG_COMPILER_APPICON_NAME = AppIcon;
				CODE_SIGN_IDENTITY = "iPhone Developer";
				ENABLE_BITCODE = NO;
				INFOPLIST_FILE = ExampleSwift/Info.plist;
				IPHONEOS_DEPLOYMENT_TARGET = 9.0;
				LD_RUNPATH_SEARCH_PATHS = "$(inherited) @executable_path/Frameworks";
				PRODUCT_BUNDLE_IDENTIFIER = io.predict.ExampleSwift;
				PRODUCT_NAME = "$(TARGET_NAME)";
				SWIFT_VERSION = 3.0;
				TARGETED_DEVICE_FAMILY = 1;
			};
			name = Release;
		};
/* End XCBuildConfiguration section */

/* Begin XCConfigurationList section */
		88F04B101D6C90400012B98D /* Build configuration list for PBXProject "ExampleSwift" */ = {
			isa = XCConfigurationList;
			buildConfigurations = (
				88F04B2A1D6C90400012B98D /* Debug */,
				88F04B2B1D6C90400012B98D /* Release */,
			);
			defaultConfigurationIsVisible = 0;
			defaultConfigurationName = Release;
		};
		88F04B2C1D6C90400012B98D /* Build configuration list for PBXNativeTarget "ExampleSwift" */ = {
			isa = XCConfigurationList;
			buildConfigurations = (
				88F04B2D1D6C90400012B98D /* Debug */,
				88F04B2E1D6C90400012B98D /* Release */,
			);
			defaultConfigurationIsVisible = 0;
			defaultConfigurationName = Release;
		};
/* End XCConfigurationList section */

/* Begin XCVersionGroup section */
		88F04B1A1D6C90400012B98D /* ExampleSwift.xcdatamodeld */ = {
			isa = XCVersionGroup;
			children = (
				8854E3971DDC86FF00E5FAAE /* ExampleSwift 2.xcdatamodel */,
				88F04B1B1D6C90400012B98D /* ExampleSwift.xcdatamodel */,
			);
			currentVersion = 8854E3971DDC86FF00E5FAAE /* ExampleSwift 2.xcdatamodel */;
			path = ExampleSwift.xcdatamodeld;
			sourceTree = "<group>";
			versionGroupType = wrapper.xcdatamodel;
		};
/* End XCVersionGroup section */
	};
	rootObject = 88F04B0D1D6C90400012B98D /* Project object */;
}
