// !$*UTF8*$!
{
	archiveVersion = 1;
	classes = {
	};
	objectVersion = 46;
	objects = {

/* Begin PBXBuildFile section */
		88605BC01D17FD9600AC8526 /* AppDelegate.swift in Sources */ = {isa = PBXBuildFile; fileRef = 88605BBF1D17FD9600AC8526 /* AppDelegate.swift */; };
		88605BC21D17FD9600AC8526 /* ViewController.swift in Sources */ = {isa = PBXBuildFile; fileRef = 88605BC11D17FD9600AC8526 /* ViewController.swift */; };
		88605BC51D17FD9600AC8526 /* Main.storyboard in Resources */ = {isa = PBXBuildFile; fileRef = 88605BC31D17FD9600AC8526 /* Main.storyboard */; };
		88605BC71D17FD9600AC8526 /* Assets.xcassets in Resources */ = {isa = PBXBuildFile; fileRef = 88605BC61D17FD9600AC8526 /* Assets.xcassets */; };
		88605BCA1D17FD9600AC8526 /* LaunchScreen.storyboard in Resources */ = {isa = PBXBuildFile; fileRef = 88605BC81D17FD9600AC8526 /* LaunchScreen.storyboard */; };
		88605BD41D17FFEB00AC8526 /* Constants.swift in Sources */ = {isa = PBXBuildFile; fileRef = 88605BD31D17FFEB00AC8526 /* Constants.swift */; };
		88605BD61D1800EB00AC8526 /* CoreMotion.framework in Frameworks */ = {isa = PBXBuildFile; fileRef = 88605BD51D1800EB00AC8526 /* CoreMotion.framework */; };
		88605BD81D1800F000AC8526 /* CoreLocation.framework in Frameworks */ = {isa = PBXBuildFile; fileRef = 88605BD71D1800F000AC8526 /* CoreLocation.framework */; };
		88605BDA1D1800F600AC8526 /* CoreTelephony.framework in Frameworks */ = {isa = PBXBuildFile; fileRef = 88605BD91D1800F600AC8526 /* CoreTelephony.framework */; };
		88605BDC1D1800FB00AC8526 /* AdSupport.framework in Frameworks */ = {isa = PBXBuildFile; fileRef = 88605BDB1D1800FB00AC8526 /* AdSupport.framework */; };
		88605BDE1D18010000AC8526 /* AVFoundation.framework in Frameworks */ = {isa = PBXBuildFile; fileRef = 88605BDD1D18010000AC8526 /* AVFoundation.framework */; };
		88605BE01D18010500AC8526 /* CoreBluetooth.framework in Frameworks */ = {isa = PBXBuildFile; fileRef = 88605BDF1D18010500AC8526 /* CoreBluetooth.framework */; };
		88605BE21D18010B00AC8526 /* SystemConfiguration.framework in Frameworks */ = {isa = PBXBuildFile; fileRef = 88605BE11D18010B00AC8526 /* SystemConfiguration.framework */; };
		88605BE41D18011500AC8526 /* ExternalAccessory.framework in Frameworks */ = {isa = PBXBuildFile; fileRef = 88605BE31D18011500AC8526 /* ExternalAccessory.framework */; };
		F79A62E6FE63C90023180EB4 /* Pods_ExampleSwift.framework in Frameworks */ = {isa = PBXBuildFile; fileRef = 8A81BA8A121B3BDAC1E980EE /* Pods_ExampleSwift.framework */; };
/* End PBXBuildFile section */

/* Begin PBXFileReference section */
		3855D69EE0EDE293764A37C2 /* Pods-ExampleSwift.release.xcconfig */ = {isa = PBXFileReference; includeInIndex = 1; lastKnownFileType = text.xcconfig; name = "Pods-ExampleSwift.release.xcconfig"; path = "Pods/Target Support Files/Pods-ExampleSwift/Pods-ExampleSwift.release.xcconfig"; sourceTree = "<group>"; };
		88605BBC1D17FD9600AC8526 /* ExampleSwift.app */ = {isa = PBXFileReference; explicitFileType = wrapper.application; includeInIndex = 0; path = ExampleSwift.app; sourceTree = BUILT_PRODUCTS_DIR; };
		88605BBF1D17FD9600AC8526 /* AppDelegate.swift */ = {isa = PBXFileReference; lastKnownFileType = sourcecode.swift; path = AppDelegate.swift; sourceTree = "<group>"; };
		88605BC11D17FD9600AC8526 /* ViewController.swift */ = {isa = PBXFileReference; lastKnownFileType = sourcecode.swift; path = ViewController.swift; sourceTree = "<group>"; };
		88605BC41D17FD9600AC8526 /* Base */ = {isa = PBXFileReference; lastKnownFileType = file.storyboard; name = Base; path = Base.lproj/Main.storyboard; sourceTree = "<group>"; };
		88605BC61D17FD9600AC8526 /* Assets.xcassets */ = {isa = PBXFileReference; lastKnownFileType = folder.assetcatalog; path = Assets.xcassets; sourceTree = "<group>"; };
		88605BC91D17FD9600AC8526 /* Base */ = {isa = PBXFileReference; lastKnownFileType = file.storyboard; name = Base; path = Base.lproj/LaunchScreen.storyboard; sourceTree = "<group>"; };
		88605BCB1D17FD9600AC8526 /* Info.plist */ = {isa = PBXFileReference; lastKnownFileType = text.plist.xml; path = Info.plist; sourceTree = "<group>"; };
		88605BD21D17FDEC00AC8526 /* Bridging.h */ = {isa = PBXFileReference; lastKnownFileType = sourcecode.c.h; path = Bridging.h; sourceTree = "<group>"; };
		88605BD31D17FFEB00AC8526 /* Constants.swift */ = {isa = PBXFileReference; fileEncoding = 4; lastKnownFileType = sourcecode.swift; path = Constants.swift; sourceTree = "<group>"; };
		88605BD51D1800EB00AC8526 /* CoreMotion.framework */ = {isa = PBXFileReference; lastKnownFileType = wrapper.framework; name = CoreMotion.framework; path = System/Library/Frameworks/CoreMotion.framework; sourceTree = SDKROOT; };
		88605BD71D1800F000AC8526 /* CoreLocation.framework */ = {isa = PBXFileReference; lastKnownFileType = wrapper.framework; name = CoreLocation.framework; path = System/Library/Frameworks/CoreLocation.framework; sourceTree = SDKROOT; };
		88605BD91D1800F600AC8526 /* CoreTelephony.framework */ = {isa = PBXFileReference; lastKnownFileType = wrapper.framework; name = CoreTelephony.framework; path = System/Library/Frameworks/CoreTelephony.framework; sourceTree = SDKROOT; };
		88605BDB1D1800FB00AC8526 /* AdSupport.framework */ = {isa = PBXFileReference; lastKnownFileType = wrapper.framework; name = AdSupport.framework; path = System/Library/Frameworks/AdSupport.framework; sourceTree = SDKROOT; };
		88605BDD1D18010000AC8526 /* AVFoundation.framework */ = {isa = PBXFileReference; lastKnownFileType = wrapper.framework; name = AVFoundation.framework; path = System/Library/Frameworks/AVFoundation.framework; sourceTree = SDKROOT; };
		88605BDF1D18010500AC8526 /* CoreBluetooth.framework */ = {isa = PBXFileReference; lastKnownFileType = wrapper.framework; name = CoreBluetooth.framework; path = System/Library/Frameworks/CoreBluetooth.framework; sourceTree = SDKROOT; };
		88605BE11D18010B00AC8526 /* SystemConfiguration.framework */ = {isa = PBXFileReference; lastKnownFileType = wrapper.framework; name = SystemConfiguration.framework; path = System/Library/Frameworks/SystemConfiguration.framework; sourceTree = SDKROOT; };
		88605BE31D18011500AC8526 /* ExternalAccessory.framework */ = {isa = PBXFileReference; lastKnownFileType = wrapper.framework; name = ExternalAccessory.framework; path = System/Library/Frameworks/ExternalAccessory.framework; sourceTree = SDKROOT; };
		8A81BA8A121B3BDAC1E980EE /* Pods_ExampleSwift.framework */ = {isa = PBXFileReference; explicitFileType = wrapper.framework; includeInIndex = 0; path = Pods_ExampleSwift.framework; sourceTree = BUILT_PRODUCTS_DIR; };
		B13E86BFC3197BA242083AA2 /* Pods-ExampleSwift.debug.xcconfig */ = {isa = PBXFileReference; includeInIndex = 1; lastKnownFileType = text.xcconfig; name = "Pods-ExampleSwift.debug.xcconfig"; path = "Pods/Target Support Files/Pods-ExampleSwift/Pods-ExampleSwift.debug.xcconfig"; sourceTree = "<group>"; };
/* End PBXFileReference section */

/* Begin PBXFrameworksBuildPhase section */
		88605BB91D17FD9600AC8526 /* Frameworks */ = {
			isa = PBXFrameworksBuildPhase;
			buildActionMask = 2147483647;
			files = (
				88605BE41D18011500AC8526 /* ExternalAccessory.framework in Frameworks */,
				88605BE21D18010B00AC8526 /* SystemConfiguration.framework in Frameworks */,
				88605BE01D18010500AC8526 /* CoreBluetooth.framework in Frameworks */,
				88605BDE1D18010000AC8526 /* AVFoundation.framework in Frameworks */,
				88605BDC1D1800FB00AC8526 /* AdSupport.framework in Frameworks */,
				88605BDA1D1800F600AC8526 /* CoreTelephony.framework in Frameworks */,
				88605BD81D1800F000AC8526 /* CoreLocation.framework in Frameworks */,
				88605BD61D1800EB00AC8526 /* CoreMotion.framework in Frameworks */,
				F79A62E6FE63C90023180EB4 /* Pods_ExampleSwift.framework in Frameworks */,
			);
			runOnlyForDeploymentPostprocessing = 0;
		};
/* End PBXFrameworksBuildPhase section */

/* Begin PBXGroup section */
		74584B945237425ECD184E28 /* Pods */ = {
			isa = PBXGroup;
			children = (
				B13E86BFC3197BA242083AA2 /* Pods-ExampleSwift.debug.xcconfig */,
				3855D69EE0EDE293764A37C2 /* Pods-ExampleSwift.release.xcconfig */,
			);
			name = Pods;
			sourceTree = "<group>";
		};
		88605BB31D17FD9600AC8526 = {
			isa = PBXGroup;
			children = (
				88605BBE1D17FD9600AC8526 /* ExampleSwift */,
				88605BBD1D17FD9600AC8526 /* Products */,
				74584B945237425ECD184E28 /* Pods */,
				C521FD5A08AB9B33E81C73C4 /* Frameworks */,
			);
			sourceTree = "<group>";
		};
		88605BBD1D17FD9600AC8526 /* Products */ = {
			isa = PBXGroup;
			children = (
				88605BBC1D17FD9600AC8526 /* ExampleSwift.app */,
			);
			name = Products;
			sourceTree = "<group>";
		};
		88605BBE1D17FD9600AC8526 /* ExampleSwift */ = {
			isa = PBXGroup;
			children = (
				88605BD31D17FFEB00AC8526 /* Constants.swift */,
				88605BBF1D17FD9600AC8526 /* AppDelegate.swift */,
				88605BC11D17FD9600AC8526 /* ViewController.swift */,
				88605BC31D17FD9600AC8526 /* Main.storyboard */,
				88605BC61D17FD9600AC8526 /* Assets.xcassets */,
				88605BC81D17FD9600AC8526 /* LaunchScreen.storyboard */,
				88605BCB1D17FD9600AC8526 /* Info.plist */,
				88605BD21D17FDEC00AC8526 /* Bridging.h */,
			);
			path = ExampleSwift;
			sourceTree = "<group>";
		};
		C521FD5A08AB9B33E81C73C4 /* Frameworks */ = {
			isa = PBXGroup;
			children = (
				88605BE31D18011500AC8526 /* ExternalAccessory.framework */,
				88605BE11D18010B00AC8526 /* SystemConfiguration.framework */,
				88605BDF1D18010500AC8526 /* CoreBluetooth.framework */,
				88605BDD1D18010000AC8526 /* AVFoundation.framework */,
				88605BDB1D1800FB00AC8526 /* AdSupport.framework */,
				88605BD91D1800F600AC8526 /* CoreTelephony.framework */,
				88605BD71D1800F000AC8526 /* CoreLocation.framework */,
				88605BD51D1800EB00AC8526 /* CoreMotion.framework */,
				8A81BA8A121B3BDAC1E980EE /* Pods_ExampleSwift.framework */,
			);
			name = Frameworks;
			sourceTree = "<group>";
		};
/* End PBXGroup section */

/* Begin PBXNativeTarget section */
		88605BBB1D17FD9600AC8526 /* ExampleSwift */ = {
			isa = PBXNativeTarget;
			buildConfigurationList = 88605BCE1D17FD9600AC8526 /* Build configuration list for PBXNativeTarget "ExampleSwift" */;
			buildPhases = (
				C1C0A8418CD8D2966D636503 /* [CP] Check Pods Manifest.lock */,
				88605BB81D17FD9600AC8526 /* Sources */,
				88605BB91D17FD9600AC8526 /* Frameworks */,
				88605BBA1D17FD9600AC8526 /* Resources */,
				7213A7CA01BA7ED4BD20A9C6 /* [CP] Embed Pods Frameworks */,
				75F9D42647DE85A47F3B0562 /* [CP] Copy Pods Resources */,
			);
			buildRules = (
			);
			dependencies = (
			);
			name = ExampleSwift;
			productName = ExampleSwift;
			productReference = 88605BBC1D17FD9600AC8526 /* ExampleSwift.app */;
			productType = "com.apple.product-type.application";
		};
/* End PBXNativeTarget section */

/* Begin PBXProject section */
		88605BB41D17FD9600AC8526 /* Project object */ = {
			isa = PBXProject;
			attributes = {
				LastSwiftUpdateCheck = 0730;
				LastUpgradeCheck = 0730;
				ORGANIZATIONNAME = "Abdul Haseeb";
				TargetAttributes = {
					88605BBB1D17FD9600AC8526 = {
						CreatedOnToolsVersion = 7.3.1;
					};
				};
			};
			buildConfigurationList = 88605BB71D17FD9600AC8526 /* Build configuration list for PBXProject "ExampleSwift" */;
			compatibilityVersion = "Xcode 3.2";
			developmentRegion = English;
			hasScannedForEncodings = 0;
			knownRegions = (
				en,
				Base,
			);
			mainGroup = 88605BB31D17FD9600AC8526;
			productRefGroup = 88605BBD1D17FD9600AC8526 /* Products */;
			projectDirPath = "";
			projectRoot = "";
			targets = (
				88605BBB1D17FD9600AC8526 /* ExampleSwift */,
			);
		};
/* End PBXProject section */

/* Begin PBXResourcesBuildPhase section */
		88605BBA1D17FD9600AC8526 /* Resources */ = {
			isa = PBXResourcesBuildPhase;
			buildActionMask = 2147483647;
			files = (
				88605BCA1D17FD9600AC8526 /* LaunchScreen.storyboard in Resources */,
				88605BC71D17FD9600AC8526 /* Assets.xcassets in Resources */,
				88605BC51D17FD9600AC8526 /* Main.storyboard in Resources */,
			);
			runOnlyForDeploymentPostprocessing = 0;
		};
/* End PBXResourcesBuildPhase section */

/* Begin PBXShellScriptBuildPhase section */
		7213A7CA01BA7ED4BD20A9C6 /* [CP] Embed Pods Frameworks */ = {
			isa = PBXShellScriptBuildPhase;
			buildActionMask = 2147483647;
			files = (
			);
			inputPaths = (
			);
			name = "[CP] Embed Pods Frameworks";
			outputPaths = (
			);
			runOnlyForDeploymentPostprocessing = 0;
			shellPath = /bin/sh;
			shellScript = "\"${SRCROOT}/Pods/Target Support Files/Pods-ExampleSwift/Pods-ExampleSwift-frameworks.sh\"\n";
			showEnvVarsInLog = 0;
		};
		75F9D42647DE85A47F3B0562 /* [CP] Copy Pods Resources */ = {
			isa = PBXShellScriptBuildPhase;
			buildActionMask = 2147483647;
			files = (
			);
			inputPaths = (
			);
			name = "[CP] Copy Pods Resources";
			outputPaths = (
			);
			runOnlyForDeploymentPostprocessing = 0;
			shellPath = /bin/sh;
			shellScript = "\"${SRCROOT}/Pods/Target Support Files/Pods-ExampleSwift/Pods-ExampleSwift-resources.sh\"\n";
			showEnvVarsInLog = 0;
		};
		C1C0A8418CD8D2966D636503 /* [CP] Check Pods Manifest.lock */ = {
			isa = PBXShellScriptBuildPhase;
			buildActionMask = 2147483647;
			files = (
			);
			inputPaths = (
			);
			name = "[CP] Check Pods Manifest.lock";
			outputPaths = (
			);
			runOnlyForDeploymentPostprocessing = 0;
			shellPath = /bin/sh;
			shellScript = "diff \"${PODS_ROOT}/../Podfile.lock\" \"${PODS_ROOT}/Manifest.lock\" > /dev/null\nif [[ $? != 0 ]] ; then\n    cat << EOM\nerror: The sandbox is not in sync with the Podfile.lock. Run 'pod install' or update your CocoaPods installation.\nEOM\n    exit 1\nfi\n";
			showEnvVarsInLog = 0;
		};
/* End PBXShellScriptBuildPhase section */

/* Begin PBXSourcesBuildPhase section */
		88605BB81D17FD9600AC8526 /* Sources */ = {
			isa = PBXSourcesBuildPhase;
			buildActionMask = 2147483647;
			files = (
				88605BC21D17FD9600AC8526 /* ViewController.swift in Sources */,
				88605BC01D17FD9600AC8526 /* AppDelegate.swift in Sources */,
				88605BD41D17FFEB00AC8526 /* Constants.swift in Sources */,
			);
			runOnlyForDeploymentPostprocessing = 0;
		};
/* End PBXSourcesBuildPhase section */

/* Begin PBXVariantGroup section */
		88605BC31D17FD9600AC8526 /* Main.storyboard */ = {
			isa = PBXVariantGroup;
			children = (
				88605BC41D17FD9600AC8526 /* Base */,
			);
			name = Main.storyboard;
			sourceTree = "<group>";
		};
		88605BC81D17FD9600AC8526 /* LaunchScreen.storyboard */ = {
			isa = PBXVariantGroup;
			children = (
				88605BC91D17FD9600AC8526 /* Base */,
			);
			name = LaunchScreen.storyboard;
			sourceTree = "<group>";
		};
/* End PBXVariantGroup section */

/* Begin XCBuildConfiguration section */
		88605BCC1D17FD9600AC8526 /* Debug */ = {
			isa = XCBuildConfiguration;
			buildSettings = {
				ALWAYS_SEARCH_USER_PATHS = NO;
				CLANG_ANALYZER_NONNULL = YES;
				CLANG_CXX_LANGUAGE_STANDARD = "gnu++0x";
				CLANG_CXX_LIBRARY = "libc++";
				CLANG_ENABLE_MODULES = YES;
				CLANG_ENABLE_OBJC_ARC = YES;
				CLANG_WARN_BOOL_CONVERSION = YES;
				CLANG_WARN_CONSTANT_CONVERSION = YES;
				CLANG_WARN_DIRECT_OBJC_ISA_USAGE = YES_ERROR;
				CLANG_WARN_EMPTY_BODY = YES;
				CLANG_WARN_ENUM_CONVERSION = YES;
				CLANG_WARN_INT_CONVERSION = YES;
				CLANG_WARN_OBJC_ROOT_CLASS = YES_ERROR;
				CLANG_WARN_UNREACHABLE_CODE = YES;
				CLANG_WARN__DUPLICATE_METHOD_MATCH = YES;
				"CODE_SIGN_IDENTITY[sdk=iphoneos*]" = "iPhone Developer";
				COPY_PHASE_STRIP = NO;
				DEBUG_INFORMATION_FORMAT = dwarf;
				ENABLE_STRICT_OBJC_MSGSEND = YES;
				ENABLE_TESTABILITY = YES;
				GCC_C_LANGUAGE_STANDARD = gnu99;
				GCC_DYNAMIC_NO_PIC = NO;
				GCC_NO_COMMON_BLOCKS = YES;
				GCC_OPTIMIZATION_LEVEL = 0;
				GCC_PREPROCESSOR_DEFINITIONS = (
					"DEBUG=1",
					"$(inherited)",
				);
				GCC_WARN_64_TO_32_BIT_CONVERSION = YES;
				GCC_WARN_ABOUT_RETURN_TYPE = YES_ERROR;
				GCC_WARN_UNDECLARED_SELECTOR = YES;
				GCC_WARN_UNINITIALIZED_AUTOS = YES_AGGRESSIVE;
				GCC_WARN_UNUSED_FUNCTION = YES;
				GCC_WARN_UNUSED_VARIABLE = YES;
				IPHONEOS_DEPLOYMENT_TARGET = 9.3;
				MTL_ENABLE_DEBUG_INFO = YES;
				ONLY_ACTIVE_ARCH = YES;
				SDKROOT = iphoneos;
				SWIFT_OPTIMIZATION_LEVEL = "-Onone";
				TARGETED_DEVICE_FAMILY = "1,2";
			};
			name = Debug;
		};
		88605BCD1D17FD9600AC8526 /* Release */ = {
			isa = XCBuildConfiguration;
			buildSettings = {
				ALWAYS_SEARCH_USER_PATHS = NO;
				CLANG_ANALYZER_NONNULL = YES;
				CLANG_CXX_LANGUAGE_STANDARD = "gnu++0x";
				CLANG_CXX_LIBRARY = "libc++";
				CLANG_ENABLE_MODULES = YES;
				CLANG_ENABLE_OBJC_ARC = YES;
				CLANG_WARN_BOOL_CONVERSION = YES;
				CLANG_WARN_CONSTANT_CONVERSION = YES;
				CLANG_WARN_DIRECT_OBJC_ISA_USAGE = YES_ERROR;
				CLANG_WARN_EMPTY_BODY = YES;
				CLANG_WARN_ENUM_CONVERSION = YES;
				CLANG_WARN_INT_CONVERSION = YES;
				CLANG_WARN_OBJC_ROOT_CLASS = YES_ERROR;
				CLANG_WARN_UNREACHABLE_CODE = YES;
				CLANG_WARN__DUPLICATE_METHOD_MATCH = YES;
				"CODE_SIGN_IDENTITY[sdk=iphoneos*]" = "iPhone Developer";
				COPY_PHASE_STRIP = NO;
				DEBUG_INFORMATION_FORMAT = "dwarf-with-dsym";
				ENABLE_NS_ASSERTIONS = NO;
				ENABLE_STRICT_OBJC_MSGSEND = YES;
				GCC_C_LANGUAGE_STANDARD = gnu99;
				GCC_NO_COMMON_BLOCKS = YES;
				GCC_WARN_64_TO_32_BIT_CONVERSION = YES;
				GCC_WARN_ABOUT_RETURN_TYPE = YES_ERROR;
				GCC_WARN_UNDECLARED_SELECTOR = YES;
				GCC_WARN_UNINITIALIZED_AUTOS = YES_AGGRESSIVE;
				GCC_WARN_UNUSED_FUNCTION = YES;
				GCC_WARN_UNUSED_VARIABLE = YES;
				IPHONEOS_DEPLOYMENT_TARGET = 9.3;
				MTL_ENABLE_DEBUG_INFO = NO;
				SDKROOT = iphoneos;
				TARGETED_DEVICE_FAMILY = "1,2";
				VALIDATE_PRODUCT = YES;
			};
			name = Release;
		};
		88605BCF1D17FD9600AC8526 /* Debug */ = {
			isa = XCBuildConfiguration;
			baseConfigurationReference = B13E86BFC3197BA242083AA2 /* Pods-ExampleSwift.debug.xcconfig */;
			buildSettings = {
				ASSETCATALOG_COMPILER_APPICON_NAME = AppIcon;
				ENABLE_BITCODE = NO;
				INFOPLIST_FILE = ExampleSwift/Info.plist;
				IPHONEOS_DEPLOYMENT_TARGET = 7.0;
				LD_RUNPATH_SEARCH_PATHS = "$(inherited) @executable_path/Frameworks";
				PRODUCT_BUNDLE_IDENTIFIER = predict.io.ExampleSwift;
				PRODUCT_NAME = "$(TARGET_NAME)";
				SWIFT_OBJC_BRIDGING_HEADER = ExampleSwift/Bridging.h;
			};
			name = Debug;
		};
		88605BD01D17FD9600AC8526 /* Release */ = {
			isa = XCBuildConfiguration;
			baseConfigurationReference = 3855D69EE0EDE293764A37C2 /* Pods-ExampleSwift.release.xcconfig */;
			buildSettings = {
				ASSETCATALOG_COMPILER_APPICON_NAME = AppIcon;
				ENABLE_BITCODE = NO;
				INFOPLIST_FILE = ExampleSwift/Info.plist;
				IPHONEOS_DEPLOYMENT_TARGET = 7.0;
				LD_RUNPATH_SEARCH_PATHS = "$(inherited) @executable_path/Frameworks";
				PRODUCT_BUNDLE_IDENTIFIER = predict.io.ExampleSwift;
				PRODUCT_NAME = "$(TARGET_NAME)";
				SWIFT_OBJC_BRIDGING_HEADER = ExampleSwift/Bridging.h;
			};
			name = Release;
		};
/* End XCBuildConfiguration section */

/* Begin XCConfigurationList section */
		88605BB71D17FD9600AC8526 /* Build configuration list for PBXProject "ExampleSwift" */ = {
			isa = XCConfigurationList;
			buildConfigurations = (
				88605BCC1D17FD9600AC8526 /* Debug */,
				88605BCD1D17FD9600AC8526 /* Release */,
			);
			defaultConfigurationIsVisible = 0;
			defaultConfigurationName = Release;
		};
		88605BCE1D17FD9600AC8526 /* Build configuration list for PBXNativeTarget "ExampleSwift" */ = {
			isa = XCConfigurationList;
			buildConfigurations = (
				88605BCF1D17FD9600AC8526 /* Debug */,
				88605BD01D17FD9600AC8526 /* Release */,
			);
			defaultConfigurationIsVisible = 0;
			defaultConfigurationName = Release;
		};
/* End XCConfigurationList section */
	};
	rootObject = 88605BB41D17FD9600AC8526 /* Project object */;
}
