PODS:
  - PredictIO (5.5.0-beta.5):
    - RxSwift (~> 4.1.2)
    - SwiftyJSON (~> 3.1.0)
  - RxSwift (4.1.2)
  - SwiftyJSON (3.1.4)

DEPENDENCIES:
  - PredictIO (= 5.5.0-beta.5)

SPEC CHECKSUMS:
  PredictIO: d6824d1b2b9c9c4705a15f2ff736983d81fa16f3
  RxSwift: e49536837d9901277638493ea537394d4b55f570
  SwiftyJSON: c2842d878f95482ffceec5709abc3d05680c0220

PODFILE CHECKSUM: 718235447de5718e79af387f70d7f8c29282fb88

COCOAPODS: 1.3.1
